
Microsoft Visual Studio Solution File, Format Version 12.00
# Visual Studio Version 16
VisualStudioVersion = 16.0.30128.74
MinimumVisualStudioVersion = 10.0.40219.1
Project("{FAE04EC0-301F-11D3-BF4B-00C04F79EFBC}") = "Laba7Task1", "Laba7Task1\Laba7Task1.csproj", "{7BB3A5E5-3063-4B97-A0D4-5AA6DE080335}"
EndProject
Global
	GlobalSection(SolutionConfigurationPlatforms) = preSolution
		Debug|Any CPU = Debug|Any CPU
		Release|Any CPU = Release|Any CPU
	EndGlobalSection
	GlobalSection(ProjectConfigurationPlatforms) = postSolution
		{7BB3A5E5-3063-4B97-A0D4-5AA6DE080335}.Debug|Any CPU.ActiveCfg = Debug|Any CPU
		{7BB3A5E5-3063-4B97-A0D4-5AA6DE080335}.Debug|Any CPU.Build.0 = Debug|Any CPU
		{7BB3A5E5-3063-4B97-A0D4-5AA6DE080335}.Release|Any CPU.ActiveCfg = Release|Any CPU
		{7BB3A5E5-3063-4B97-A0D4-5AA6DE080335}.Release|Any CPU.Build.0 = Release|Any CPU
	EndGlobalSection
	GlobalSection(SolutionProperties) = preSolution
		HideSolutionNode = FALSE
	EndGlobalSection
	GlobalSection(ExtensibilityGlobals) = postSolution
		SolutionGuid = {3A2C33B2-C870-43C4-8EFD-B9AAED3B14F6}
	EndGlobalSection
EndGlobal
